
Microsoft Visual Studio Solution File, Format Version 12.00
# Visual Studio 14
VisualStudioVersion = 14.0.25420.1
MinimumVisualStudioVersion = 10.0.40219.1
Project("{FAE04EC0-301F-11D3-BF4B-00C04F79EFBC}") = "Api2Captcha", "Api2Captcha\Api2Captcha.csproj", "{DAD1B3C5-AF72-4473-95E9-28077C40DD3F}"
EndProject
Project("{FAE04EC0-301F-11D3-BF4B-00C04F79EFBC}") = "ApiDemo", "ApiDemo\ApiDemo.csproj", "{59FBC695-D330-4E02-BC2F-1557DC47D147}"
EndProject
Global
	GlobalSection(SolutionConfigurationPlatforms) = preSolution
		Debug|Any CPU = Debug|Any CPU
		Release|Any CPU = Release|Any CPU
	EndGlobalSection
	GlobalSection(ProjectConfigurationPlatforms) = postSolution
		{DAD1B3C5-AF72-4473-95E9-28077C40DD3F}.Debug|Any CPU.ActiveCfg = Debug|Any CPU
		{DAD1B3C5-AF72-4473-95E9-28077C40DD3F}.Debug|Any CPU.Build.0 = Debug|Any CPU
		{DAD1B3C5-AF72-4473-95E9-28077C40DD3F}.Release|Any CPU.ActiveCfg = Release|Any CPU
		{DAD1B3C5-AF72-4473-95E9-28077C40DD3F}.Release|Any CPU.Build.0 = Release|Any CPU
		{59FBC695-D330-4E02-BC2F-1557DC47D147}.Debug|Any CPU.ActiveCfg = Debug|Any CPU
		{59FBC695-D330-4E02-BC2F-1557DC47D147}.Debug|Any CPU.Build.0 = Debug|Any CPU
		{59FBC695-D330-4E02-BC2F-1557DC47D147}.Release|Any CPU.ActiveCfg = Release|Any CPU
		{59FBC695-D330-4E02-BC2F-1557DC47D147}.Release|Any CPU.Build.0 = Release|Any CPU
	EndGlobalSection
	GlobalSection(SolutionProperties) = preSolution
		HideSolutionNode = FALSE
	EndGlobalSection
EndGlobal
